// !$*UTF8*$!
{
	archiveVersion = 1;
	classes = {
	};
	objectVersion = 48;
	objects = {

/* Begin PBXBuildFile section */
		0AAD7D9C1FE02B160048E7A2 /* AppDelegate.swift in Sources */ = {isa = PBXBuildFile; fileRef = 0AAD7D9B1FE02B160048E7A2 /* AppDelegate.swift */; };
		0AAD7D9E1FE02B160048E7A2 /* BreedsViewController.swift in Sources */ = {isa = PBXBuildFile; fileRef = 0AAD7D9D1FE02B160048E7A2 /* BreedsViewController.swift */; };
		0AAD7DA01FE02B160048E7A2 /* FavoriteDogsViewController.swift in Sources */ = {isa = PBXBuildFile; fileRef = 0AAD7D9F1FE02B160048E7A2 /* FavoriteDogsViewController.swift */; };
		0AAD7DA31FE02B160048E7A2 /* Main.storyboard in Resources */ = {isa = PBXBuildFile; fileRef = 0AAD7DA11FE02B160048E7A2 /* Main.storyboard */; };
		0AAD7DA51FE02B160048E7A2 /* Assets.xcassets in Resources */ = {isa = PBXBuildFile; fileRef = 0AAD7DA41FE02B160048E7A2 /* Assets.xcassets */; };
		0AAD7DA81FE02B160048E7A2 /* LaunchScreen.storyboard in Resources */ = {isa = PBXBuildFile; fileRef = 0AAD7DA61FE02B160048E7A2 /* LaunchScreen.storyboard */; };
		0AC30D521FE02FED0031DF09 /* DogsService.swift in Sources */ = {isa = PBXBuildFile; fileRef = 0AC30D511FE02FED0031DF09 /* DogsService.swift */; };
		0AC30D541FE030160031DF09 /* Result.swift in Sources */ = {isa = PBXBuildFile; fileRef = 0AC30D531FE030160031DF09 /* Result.swift */; };
		0AC30D571FE030580031DF09 /* Breed.swift in Sources */ = {isa = PBXBuildFile; fileRef = 0AC30D561FE030580031DF09 /* Breed.swift */; };
		0AC30D591FE030800031DF09 /* Dog.swift in Sources */ = {isa = PBXBuildFile; fileRef = 0AC30D581FE030800031DF09 /* Dog.swift */; };
		0AC30D5B1FE03C570031DF09 /* BreedImagesStoryboardViewController.swift in Sources */ = {isa = PBXBuildFile; fileRef = 0AC30D5A1FE03C570031DF09 /* BreedImagesStoryboardViewController.swift */; };
		0AC30D5F1FE074C00031DF09 /* DogPersistenceService.swift in Sources */ = {isa = PBXBuildFile; fileRef = 0AC30D5E1FE074C00031DF09 /* DogPersistenceService.swift */; };
		0AC30D611FE076820031DF09 /* BreedImagesViewCodeViewController.swift in Sources */ = {isa = PBXBuildFile; fileRef = 0AC30D601FE076820031DF09 /* BreedImagesViewCodeViewController.swift */; };
		0AC30D641FE076D90031DF09 /* BreedImagesControllerView.swift in Sources */ = {isa = PBXBuildFile; fileRef = 0AC30D631FE076D90031DF09 /* BreedImagesControllerView.swift */; };
		0AC30D661FE076E30031DF09 /* CodeView.swift in Sources */ = {isa = PBXBuildFile; fileRef = 0AC30D651FE076E30031DF09 /* CodeView.swift */; };
		0AC30D681FE077FA0031DF09 /* FeatchableImageView.swift in Sources */ = {isa = PBXBuildFile; fileRef = 0AC30D671FE077FA0031DF09 /* FeatchableImageView.swift */; };
		0AC30D6A1FE07D0B0031DF09 /* ImageFetchable.swift in Sources */ = {isa = PBXBuildFile; fileRef = 0AC30D691FE07D0B0031DF09 /* ImageFetchable.swift */; };
		0AC30D6D1FE093300031DF09 /* FavoritesDatasource.swift in Sources */ = {isa = PBXBuildFile; fileRef = 0AC30D6C1FE093300031DF09 /* FavoritesDatasource.swift */; };
		0AC30D751FE093F90031DF09 /* FavoriteDogTableViewCell.swift in Sources */ = {isa = PBXBuildFile; fileRef = 0AC30D731FE093F90031DF09 /* FavoriteDogTableViewCell.swift */; };
		0AC30D761FE093F90031DF09 /* FavoriteDogTableViewCell.xib in Resources */ = {isa = PBXBuildFile; fileRef = 0AC30D741FE093F90031DF09 /* FavoriteDogTableViewCell.xib */; };
		6267CC5E60F17CDD3525F5F4 /* Pods_DogsAppTests.framework in Frameworks */ = {isa = PBXBuildFile; fileRef = 87FD0F204A6953024A7838C4 /* Pods_DogsAppTests.framework */; };
		98B7C8B4ED31B177BF59BE76 /* Pods_DogsApp.framework in Frameworks */ = {isa = PBXBuildFile; fileRef = 46D90D1BEB606B7939D6206B /* Pods_DogsApp.framework */; };
		A1F5687020603FAC007AF05A /* FavoritesDatasourceTest.swift in Sources */ = {isa = PBXBuildFile; fileRef = A1F5686F20603FAC007AF05A /* FavoritesDatasourceTest.swift */; };
		A1F5687220606281007AF05A /* FavoritesDatasourceStub.swift in Sources */ = {isa = PBXBuildFile; fileRef = A1F5687120606281007AF05A /* FavoritesDatasourceStub.swift */; };
		A1F5687420617976007AF05A /* FavoritesDatasourceSpec.swift in Sources */ = {isa = PBXBuildFile; fileRef = A1F5687320617976007AF05A /* FavoritesDatasourceSpec.swift */; };
/* End PBXBuildFile section */

/* Begin PBXContainerItemProxy section */
		0AAD7DAF1FE02B160048E7A2 /* PBXContainerItemProxy */ = {
			isa = PBXContainerItemProxy;
			containerPortal = 0AAD7D901FE02B160048E7A2 /* Project object */;
			proxyType = 1;
			remoteGlobalIDString = 0AAD7D971FE02B160048E7A2;
			remoteInfo = DogsApp;
		};
/* End PBXContainerItemProxy section */

/* Begin PBXFileReference section */
		0AAD7D981FE02B160048E7A2 /* DogsApp.app */ = {isa = PBXFileReference; explicitFileType = wrapper.application; includeInIndex = 0; path = DogsApp.app; sourceTree = BUILT_PRODUCTS_DIR; };
		0AAD7D9B1FE02B160048E7A2 /* AppDelegate.swift */ = {isa = PBXFileReference; lastKnownFileType = sourcecode.swift; path = AppDelegate.swift; sourceTree = "<group>"; };
		0AAD7D9D1FE02B160048E7A2 /* BreedsViewController.swift */ = {isa = PBXFileReference; lastKnownFileType = sourcecode.swift; path = BreedsViewController.swift; sourceTree = "<group>"; };
		0AAD7D9F1FE02B160048E7A2 /* FavoriteDogsViewController.swift */ = {isa = PBXFileReference; lastKnownFileType = sourcecode.swift; path = FavoriteDogsViewController.swift; sourceTree = "<group>"; };
		0AAD7DA21FE02B160048E7A2 /* Base */ = {isa = PBXFileReference; lastKnownFileType = file.storyboard; name = Base; path = Base.lproj/Main.storyboard; sourceTree = "<group>"; };
		0AAD7DA41FE02B160048E7A2 /* Assets.xcassets */ = {isa = PBXFileReference; lastKnownFileType = folder.assetcatalog; path = Assets.xcassets; sourceTree = "<group>"; };
		0AAD7DA71FE02B160048E7A2 /* Base */ = {isa = PBXFileReference; lastKnownFileType = file.storyboard; name = Base; path = Base.lproj/LaunchScreen.storyboard; sourceTree = "<group>"; };
		0AAD7DA91FE02B160048E7A2 /* Info.plist */ = {isa = PBXFileReference; lastKnownFileType = text.plist.xml; path = Info.plist; sourceTree = "<group>"; };
		0AAD7DAE1FE02B160048E7A2 /* DogsAppTests.xctest */ = {isa = PBXFileReference; explicitFileType = wrapper.cfbundle; includeInIndex = 0; path = DogsAppTests.xctest; sourceTree = BUILT_PRODUCTS_DIR; };
		0AAD7DB41FE02B160048E7A2 /* Info.plist */ = {isa = PBXFileReference; lastKnownFileType = text.plist.xml; path = Info.plist; sourceTree = "<group>"; };
		0AC30D511FE02FED0031DF09 /* DogsService.swift */ = {isa = PBXFileReference; lastKnownFileType = sourcecode.swift; path = DogsService.swift; sourceTree = "<group>"; };
		0AC30D531FE030160031DF09 /* Result.swift */ = {isa = PBXFileReference; lastKnownFileType = sourcecode.swift; path = Result.swift; sourceTree = "<group>"; };
		0AC30D561FE030580031DF09 /* Breed.swift */ = {isa = PBXFileReference; lastKnownFileType = sourcecode.swift; path = Breed.swift; sourceTree = "<group>"; };
		0AC30D581FE030800031DF09 /* Dog.swift */ = {isa = PBXFileReference; lastKnownFileType = sourcecode.swift; path = Dog.swift; sourceTree = "<group>"; };
		0AC30D5A1FE03C570031DF09 /* BreedImagesStoryboardViewController.swift */ = {isa = PBXFileReference; lastKnownFileType = sourcecode.swift; path = BreedImagesStoryboardViewController.swift; sourceTree = "<group>"; };
		0AC30D5E1FE074C00031DF09 /* DogPersistenceService.swift */ = {isa = PBXFileReference; lastKnownFileType = sourcecode.swift; path = DogPersistenceService.swift; sourceTree = "<group>"; };
		0AC30D601FE076820031DF09 /* BreedImagesViewCodeViewController.swift */ = {isa = PBXFileReference; lastKnownFileType = sourcecode.swift; path = BreedImagesViewCodeViewController.swift; sourceTree = "<group>"; };
		0AC30D631FE076D90031DF09 /* BreedImagesControllerView.swift */ = {isa = PBXFileReference; lastKnownFileType = sourcecode.swift; path = BreedImagesControllerView.swift; sourceTree = "<group>"; };
		0AC30D651FE076E30031DF09 /* CodeView.swift */ = {isa = PBXFileReference; lastKnownFileType = sourcecode.swift; path = CodeView.swift; sourceTree = "<group>"; };
		0AC30D671FE077FA0031DF09 /* FeatchableImageView.swift */ = {isa = PBXFileReference; lastKnownFileType = sourcecode.swift; path = FeatchableImageView.swift; sourceTree = "<group>"; };
		0AC30D691FE07D0B0031DF09 /* ImageFetchable.swift */ = {isa = PBXFileReference; lastKnownFileType = sourcecode.swift; path = ImageFetchable.swift; sourceTree = "<group>"; };
		0AC30D6C1FE093300031DF09 /* FavoritesDatasource.swift */ = {isa = PBXFileReference; lastKnownFileType = sourcecode.swift; path = FavoritesDatasource.swift; sourceTree = "<group>"; };
		0AC30D731FE093F90031DF09 /* FavoriteDogTableViewCell.swift */ = {isa = PBXFileReference; lastKnownFileType = sourcecode.swift; path = FavoriteDogTableViewCell.swift; sourceTree = "<group>"; };
		0AC30D741FE093F90031DF09 /* FavoriteDogTableViewCell.xib */ = {isa = PBXFileReference; lastKnownFileType = file.xib; path = FavoriteDogTableViewCell.xib; sourceTree = "<group>"; };
		3829474F86CFE6B6D76F7DD9 /* Pods-DogsApp.release.xcconfig */ = {isa = PBXFileReference; includeInIndex = 1; lastKnownFileType = text.xcconfig; name = "Pods-DogsApp.release.xcconfig"; path = "Pods/Target Support Files/Pods-DogsApp/Pods-DogsApp.release.xcconfig"; sourceTree = "<group>"; };
		46D90D1BEB606B7939D6206B /* Pods_DogsApp.framework */ = {isa = PBXFileReference; explicitFileType = wrapper.framework; includeInIndex = 0; path = Pods_DogsApp.framework; sourceTree = BUILT_PRODUCTS_DIR; };
		87FD0F204A6953024A7838C4 /* Pods_DogsAppTests.framework */ = {isa = PBXFileReference; explicitFileType = wrapper.framework; includeInIndex = 0; path = Pods_DogsAppTests.framework; sourceTree = BUILT_PRODUCTS_DIR; };
		882A2996A6FA0D24E4C152AF /* Pods-DogsAppTests.release.xcconfig */ = {isa = PBXFileReference; includeInIndex = 1; lastKnownFileType = text.xcconfig; name = "Pods-DogsAppTests.release.xcconfig"; path = "Pods/Target Support Files/Pods-DogsAppTests/Pods-DogsAppTests.release.xcconfig"; sourceTree = "<group>"; };
		A1F5686F20603FAC007AF05A /* FavoritesDatasourceTest.swift */ = {isa = PBXFileReference; lastKnownFileType = sourcecode.swift; path = FavoritesDatasourceTest.swift; sourceTree = "<group>"; };
		A1F5687120606281007AF05A /* FavoritesDatasourceStub.swift */ = {isa = PBXFileReference; lastKnownFileType = sourcecode.swift; path = FavoritesDatasourceStub.swift; sourceTree = "<group>"; };
		A1F5687320617976007AF05A /* FavoritesDatasourceSpec.swift */ = {isa = PBXFileReference; lastKnownFileType = sourcecode.swift; path = FavoritesDatasourceSpec.swift; sourceTree = "<group>"; };
		CB842438FADA5B13A2E7FACD /* Pods-DogsAppTests.debug.xcconfig */ = {isa = PBXFileReference; includeInIndex = 1; lastKnownFileType = text.xcconfig; name = "Pods-DogsAppTests.debug.xcconfig"; path = "Pods/Target Support Files/Pods-DogsAppTests/Pods-DogsAppTests.debug.xcconfig"; sourceTree = "<group>"; };
		CC65121F08BB35684B8B19EF /* Pods-DogsApp.debug.xcconfig */ = {isa = PBXFileReference; includeInIndex = 1; lastKnownFileType = text.xcconfig; name = "Pods-DogsApp.debug.xcconfig"; path = "Pods/Target Support Files/Pods-DogsApp/Pods-DogsApp.debug.xcconfig"; sourceTree = "<group>"; };
/* End PBXFileReference section */

/* Begin PBXFrameworksBuildPhase section */
		0AAD7D951FE02B160048E7A2 /* Frameworks */ = {
			isa = PBXFrameworksBuildPhase;
			buildActionMask = 2147483647;
			files = (
				98B7C8B4ED31B177BF59BE76 /* Pods_DogsApp.framework in Frameworks */,
			);
			runOnlyForDeploymentPostprocessing = 0;
		};
		0AAD7DAB1FE02B160048E7A2 /* Frameworks */ = {
			isa = PBXFrameworksBuildPhase;
			buildActionMask = 2147483647;
			files = (
				6267CC5E60F17CDD3525F5F4 /* Pods_DogsAppTests.framework in Frameworks */,
			);
			runOnlyForDeploymentPostprocessing = 0;
		};
/* End PBXFrameworksBuildPhase section */

/* Begin PBXGroup section */
		0AAD7D8F1FE02B160048E7A2 = {
			isa = PBXGroup;
			children = (
				0AAD7D9A1FE02B160048E7A2 /* DogsApp */,
				0AAD7DB11FE02B160048E7A2 /* DogsAppTests */,
				0AAD7D991FE02B160048E7A2 /* Products */,
				5BF4F85B3173829A8E227053 /* Pods */,
				EE8ACA5A8A0433E6DB5CDFFC /* Frameworks */,
			);
			sourceTree = "<group>";
		};
		0AAD7D991FE02B160048E7A2 /* Products */ = {
			isa = PBXGroup;
			children = (
				0AAD7D981FE02B160048E7A2 /* DogsApp.app */,
				0AAD7DAE1FE02B160048E7A2 /* DogsAppTests.xctest */,
			);
			name = Products;
			sourceTree = "<group>";
		};
		0AAD7D9A1FE02B160048E7A2 /* DogsApp */ = {
			isa = PBXGroup;
			children = (
				0AC30D6E1FE093950031DF09 /* Cells */,
				0AC30D6B1FE092E60031DF09 /* Datasources */,
				0AC30D621FE076B90031DF09 /* Views */,
				0AC30D5D1FE03C710031DF09 /* Services */,
				0AC30D5C1FE03C5C0031DF09 /* Controllers */,
				0AC30D551FE0304D0031DF09 /* Models */,
				0AAD7D9B1FE02B160048E7A2 /* AppDelegate.swift */,
				0AAD7DA11FE02B160048E7A2 /* Main.storyboard */,
				0AAD7DA41FE02B160048E7A2 /* Assets.xcassets */,
				0AAD7DA61FE02B160048E7A2 /* LaunchScreen.storyboard */,
				0AAD7DA91FE02B160048E7A2 /* Info.plist */,
			);
			path = DogsApp;
			sourceTree = "<group>";
		};
		0AAD7DB11FE02B160048E7A2 /* DogsAppTests */ = {
			isa = PBXGroup;
			children = (
				A1F5686E20603F76007AF05A /* Datasources */,
				0AAD7DB41FE02B160048E7A2 /* Info.plist */,
			);
			path = DogsAppTests;
			sourceTree = "<group>";
		};
		0AC30D551FE0304D0031DF09 /* Models */ = {
			isa = PBXGroup;
			children = (
				0AC30D561FE030580031DF09 /* Breed.swift */,
				0AC30D581FE030800031DF09 /* Dog.swift */,
			);
			path = Models;
			sourceTree = "<group>";
		};
		0AC30D5C1FE03C5C0031DF09 /* Controllers */ = {
			isa = PBXGroup;
			children = (
				0AAD7D9D1FE02B160048E7A2 /* BreedsViewController.swift */,
				0AC30D5A1FE03C570031DF09 /* BreedImagesStoryboardViewController.swift */,
				0AAD7D9F1FE02B160048E7A2 /* FavoriteDogsViewController.swift */,
				0AC30D601FE076820031DF09 /* BreedImagesViewCodeViewController.swift */,
			);
			path = Controllers;
			sourceTree = "<group>";
		};
		0AC30D5D1FE03C710031DF09 /* Services */ = {
			isa = PBXGroup;
			children = (
				0AC30D511FE02FED0031DF09 /* DogsService.swift */,
				0AC30D531FE030160031DF09 /* Result.swift */,
				0AC30D5E1FE074C00031DF09 /* DogPersistenceService.swift */,
			);
			path = Services;
			sourceTree = "<group>";
		};
		0AC30D621FE076B90031DF09 /* Views */ = {
			isa = PBXGroup;
			children = (
				0AC30D631FE076D90031DF09 /* BreedImagesControllerView.swift */,
				0AC30D651FE076E30031DF09 /* CodeView.swift */,
				0AC30D671FE077FA0031DF09 /* FeatchableImageView.swift */,
				0AC30D691FE07D0B0031DF09 /* ImageFetchable.swift */,
			);
			path = Views;
			sourceTree = "<group>";
		};
		0AC30D6B1FE092E60031DF09 /* Datasources */ = {
			isa = PBXGroup;
			children = (
				0AC30D6C1FE093300031DF09 /* FavoritesDatasource.swift */,
			);
			path = Datasources;
			sourceTree = "<group>";
		};
		0AC30D6E1FE093950031DF09 /* Cells */ = {
			isa = PBXGroup;
			children = (
				0AC30D731FE093F90031DF09 /* FavoriteDogTableViewCell.swift */,
				0AC30D741FE093F90031DF09 /* FavoriteDogTableViewCell.xib */,
			);
			path = Cells;
			sourceTree = "<group>";
		};
		5BF4F85B3173829A8E227053 /* Pods */ = {
			isa = PBXGroup;
			children = (
				CC65121F08BB35684B8B19EF /* Pods-DogsApp.debug.xcconfig */,
				3829474F86CFE6B6D76F7DD9 /* Pods-DogsApp.release.xcconfig */,
				CB842438FADA5B13A2E7FACD /* Pods-DogsAppTests.debug.xcconfig */,
				882A2996A6FA0D24E4C152AF /* Pods-DogsAppTests.release.xcconfig */,
			);
			name = Pods;
			sourceTree = "<group>";
		};
		A1F5686E20603F76007AF05A /* Datasources */ = {
			isa = PBXGroup;
			children = (
				A1F5686F20603FAC007AF05A /* FavoritesDatasourceTest.swift */,
				A1F5687120606281007AF05A /* FavoritesDatasourceStub.swift */,
				A1F5687320617976007AF05A /* FavoritesDatasourceSpec.swift */,
			);
			path = Datasources;
			sourceTree = "<group>";
		};
		EE8ACA5A8A0433E6DB5CDFFC /* Frameworks */ = {
			isa = PBXGroup;
			children = (
				46D90D1BEB606B7939D6206B /* Pods_DogsApp.framework */,
				87FD0F204A6953024A7838C4 /* Pods_DogsAppTests.framework */,
			);
			name = Frameworks;
			sourceTree = "<group>";
		};
/* End PBXGroup section */

/* Begin PBXNativeTarget section */
		0AAD7D971FE02B160048E7A2 /* DogsApp */ = {
			isa = PBXNativeTarget;
			buildConfigurationList = 0AAD7DB71FE02B160048E7A2 /* Build configuration list for PBXNativeTarget "DogsApp" */;
			buildPhases = (
				8A0F43655A0F6A6A01CD78CA /* [CP] Check Pods Manifest.lock */,
				0AAD7D941FE02B160048E7A2 /* Sources */,
				0AAD7D951FE02B160048E7A2 /* Frameworks */,
				0AAD7D961FE02B160048E7A2 /* Resources */,
				4C88A1E1D6D639C4669EFC37 /* [CP] Embed Pods Frameworks */,
				E074A64F0BDF0D0F49248AE3 /* [CP] Copy Pods Resources */,
			);
			buildRules = (
			);
			dependencies = (
			);
			name = DogsApp;
			productName = DogsApp;
			productReference = 0AAD7D981FE02B160048E7A2 /* DogsApp.app */;
			productType = "com.apple.product-type.application";
		};
		0AAD7DAD1FE02B160048E7A2 /* DogsAppTests */ = {
			isa = PBXNativeTarget;
			buildConfigurationList = 0AAD7DBA1FE02B160048E7A2 /* Build configuration list for PBXNativeTarget "DogsAppTests" */;
			buildPhases = (
				A647F046FCBC7700F68C9D38 /* [CP] Check Pods Manifest.lock */,
				0AAD7DAA1FE02B160048E7A2 /* Sources */,
				0AAD7DAB1FE02B160048E7A2 /* Frameworks */,
				0AAD7DAC1FE02B160048E7A2 /* Resources */,
				DD83F788B6C0D3D0E1F582FA /* [CP] Embed Pods Frameworks */,
				1D3FC401F7BBF4F0E5092E31 /* [CP] Copy Pods Resources */,
			);
			buildRules = (
			);
			dependencies = (
				0AAD7DB01FE02B160048E7A2 /* PBXTargetDependency */,
			);
			name = DogsAppTests;
			productName = DogsAppTests;
			productReference = 0AAD7DAE1FE02B160048E7A2 /* DogsAppTests.xctest */;
			productType = "com.apple.product-type.bundle.unit-test";
		};
/* End PBXNativeTarget section */

/* Begin PBXProject section */
		0AAD7D901FE02B160048E7A2 /* Project object */ = {
			isa = PBXProject;
			attributes = {
				LastSwiftUpdateCheck = 0920;
				LastUpgradeCheck = 0920;
				ORGANIZATIONNAME = "Thiago Lioy";
				TargetAttributes = {
					0AAD7D971FE02B160048E7A2 = {
						CreatedOnToolsVersion = 9.2;
						ProvisioningStyle = Automatic;
					};
					0AAD7DAD1FE02B160048E7A2 = {
						CreatedOnToolsVersion = 9.2;
						LastSwiftMigration = 0920;
						ProvisioningStyle = Automatic;
						TestTargetID = 0AAD7D971FE02B160048E7A2;
					};
				};
			};
			buildConfigurationList = 0AAD7D931FE02B160048E7A2 /* Build configuration list for PBXProject "DogsApp" */;
			compatibilityVersion = "Xcode 8.0";
			developmentRegion = en;
			hasScannedForEncodings = 0;
			knownRegions = (
				en,
				Base,
			);
			mainGroup = 0AAD7D8F1FE02B160048E7A2;
			productRefGroup = 0AAD7D991FE02B160048E7A2 /* Products */;
			projectDirPath = "";
			projectRoot = "";
			targets = (
				0AAD7D971FE02B160048E7A2 /* DogsApp */,
				0AAD7DAD1FE02B160048E7A2 /* DogsAppTests */,
			);
		};
/* End PBXProject section */

/* Begin PBXResourcesBuildPhase section */
		0AAD7D961FE02B160048E7A2 /* Resources */ = {
			isa = PBXResourcesBuildPhase;
			buildActionMask = 2147483647;
			files = (
				0AAD7DA81FE02B160048E7A2 /* LaunchScreen.storyboard in Resources */,
				0AAD7DA51FE02B160048E7A2 /* Assets.xcassets in Resources */,
				0AC30D761FE093F90031DF09 /* FavoriteDogTableViewCell.xib in Resources */,
				0AAD7DA31FE02B160048E7A2 /* Main.storyboard in Resources */,
			);
			runOnlyForDeploymentPostprocessing = 0;
		};
		0AAD7DAC1FE02B160048E7A2 /* Resources */ = {
			isa = PBXResourcesBuildPhase;
			buildActionMask = 2147483647;
			files = (
			);
			runOnlyForDeploymentPostprocessing = 0;
		};
/* End PBXResourcesBuildPhase section */

/* Begin PBXShellScriptBuildPhase section */
		1D3FC401F7BBF4F0E5092E31 /* [CP] Copy Pods Resources */ = {
			isa = PBXShellScriptBuildPhase;
			buildActionMask = 2147483647;
			files = (
			);
			inputPaths = (
			);
			name = "[CP] Copy Pods Resources";
			outputPaths = (
			);
			runOnlyForDeploymentPostprocessing = 0;
			shellPath = /bin/sh;
			shellScript = "\"${SRCROOT}/Pods/Target Support Files/Pods-DogsAppTests/Pods-DogsAppTests-resources.sh\"\n";
			showEnvVarsInLog = 0;
		};
		4C88A1E1D6D639C4669EFC37 /* [CP] Embed Pods Frameworks */ = {
			isa = PBXShellScriptBuildPhase;
			buildActionMask = 2147483647;
			files = (
			);
			inputPaths = (
				"${SRCROOT}/Pods/Target Support Files/Pods-DogsApp/Pods-DogsApp-frameworks.sh",
				"${BUILT_PRODUCTS_DIR}/Kingfisher/Kingfisher.framework",
				"${BUILT_PRODUCTS_DIR}/R.swift.Library/Rswift.framework",
				"${BUILT_PRODUCTS_DIR}/Reusable/Reusable.framework",
				"${BUILT_PRODUCTS_DIR}/SnapKit/SnapKit.framework",
				"${BUILT_PRODUCTS_DIR}/SwiftIconFont/SwiftIconFont.framework",
			);
			name = "[CP] Embed Pods Frameworks";
			outputPaths = (
				"${TARGET_BUILD_DIR}/${FRAMEWORKS_FOLDER_PATH}/Kingfisher.framework",
				"${TARGET_BUILD_DIR}/${FRAMEWORKS_FOLDER_PATH}/Rswift.framework",
				"${TARGET_BUILD_DIR}/${FRAMEWORKS_FOLDER_PATH}/Reusable.framework",
				"${TARGET_BUILD_DIR}/${FRAMEWORKS_FOLDER_PATH}/SnapKit.framework",
				"${TARGET_BUILD_DIR}/${FRAMEWORKS_FOLDER_PATH}/SwiftIconFont.framework",
			);
			runOnlyForDeploymentPostprocessing = 0;
			shellPath = /bin/sh;
			shellScript = "\"${SRCROOT}/Pods/Target Support Files/Pods-DogsApp/Pods-DogsApp-frameworks.sh\"\n";
			showEnvVarsInLog = 0;
		};
		8A0F43655A0F6A6A01CD78CA /* [CP] Check Pods Manifest.lock */ = {
			isa = PBXShellScriptBuildPhase;
			buildActionMask = 2147483647;
			files = (
			);
			inputPaths = (
				"${PODS_PODFILE_DIR_PATH}/Podfile.lock",
				"${PODS_ROOT}/Manifest.lock",
			);
			name = "[CP] Check Pods Manifest.lock";
			outputPaths = (
				"$(DERIVED_FILE_DIR)/Pods-DogsApp-checkManifestLockResult.txt",
			);
			runOnlyForDeploymentPostprocessing = 0;
			shellPath = /bin/sh;
			shellScript = "diff \"${PODS_PODFILE_DIR_PATH}/Podfile.lock\" \"${PODS_ROOT}/Manifest.lock\" > /dev/null\nif [ $? != 0 ] ; then\n    # print error to STDERR\n    echo \"error: The sandbox is not in sync with the Podfile.lock. Run 'pod install' or update your CocoaPods installation.\" >&2\n    exit 1\nfi\n# This output is used by Xcode 'outputs' to avoid re-running this script phase.\necho \"SUCCESS\" > \"${SCRIPT_OUTPUT_FILE_0}\"\n";
			showEnvVarsInLog = 0;
		};
		A647F046FCBC7700F68C9D38 /* [CP] Check Pods Manifest.lock */ = {
			isa = PBXShellScriptBuildPhase;
			buildActionMask = 2147483647;
			files = (
			);
			inputPaths = (
				"${PODS_PODFILE_DIR_PATH}/Podfile.lock",
				"${PODS_ROOT}/Manifest.lock",
			);
			name = "[CP] Check Pods Manifest.lock";
			outputPaths = (
				"$(DERIVED_FILE_DIR)/Pods-DogsAppTests-checkManifestLockResult.txt",
			);
			runOnlyForDeploymentPostprocessing = 0;
			shellPath = /bin/sh;
			shellScript = "diff \"${PODS_PODFILE_DIR_PATH}/Podfile.lock\" \"${PODS_ROOT}/Manifest.lock\" > /dev/null\nif [ $? != 0 ] ; then\n    # print error to STDERR\n    echo \"error: The sandbox is not in sync with the Podfile.lock. Run 'pod install' or update your CocoaPods installation.\" >&2\n    exit 1\nfi\n# This output is used by Xcode 'outputs' to avoid re-running this script phase.\necho \"SUCCESS\" > \"${SCRIPT_OUTPUT_FILE_0}\"\n";
			showEnvVarsInLog = 0;
		};
		DD83F788B6C0D3D0E1F582FA /* [CP] Embed Pods Frameworks */ = {
			isa = PBXShellScriptBuildPhase;
			buildActionMask = 2147483647;
			files = (
			);
			inputPaths = (
				"${SRCROOT}/Pods/Target Support Files/Pods-DogsAppTests/Pods-DogsAppTests-frameworks.sh",
				"${BUILT_PRODUCTS_DIR}/FBSnapshotTestCase/FBSnapshotTestCase.framework",
				"${BUILT_PRODUCTS_DIR}/Nimble/Nimble.framework",
				"${BUILT_PRODUCTS_DIR}/Nimble-Snapshots/Nimble_Snapshots.framework",
				"${BUILT_PRODUCTS_DIR}/Quick/Quick.framework",
			);
			name = "[CP] Embed Pods Frameworks";
			outputPaths = (
				"${TARGET_BUILD_DIR}/${FRAMEWORKS_FOLDER_PATH}/FBSnapshotTestCase.framework",
				"${TARGET_BUILD_DIR}/${FRAMEWORKS_FOLDER_PATH}/Nimble.framework",
				"${TARGET_BUILD_DIR}/${FRAMEWORKS_FOLDER_PATH}/Nimble_Snapshots.framework",
				"${TARGET_BUILD_DIR}/${FRAMEWORKS_FOLDER_PATH}/Quick.framework",
			);
			runOnlyForDeploymentPostprocessing = 0;
			shellPath = /bin/sh;
			shellScript = "\"${SRCROOT}/Pods/Target Support Files/Pods-DogsAppTests/Pods-DogsAppTests-frameworks.sh\"\n";
			showEnvVarsInLog = 0;
		};
		E074A64F0BDF0D0F49248AE3 /* [CP] Copy Pods Resources */ = {
			isa = PBXShellScriptBuildPhase;
			buildActionMask = 2147483647;
			files = (
			);
			inputPaths = (
			);
			name = "[CP] Copy Pods Resources";
			outputPaths = (
			);
			runOnlyForDeploymentPostprocessing = 0;
			shellPath = /bin/sh;
			shellScript = "\"${SRCROOT}/Pods/Target Support Files/Pods-DogsApp/Pods-DogsApp-resources.sh\"\n";
			showEnvVarsInLog = 0;
		};
/* End PBXShellScriptBuildPhase section */

/* Begin PBXSourcesBuildPhase section */
		0AAD7D941FE02B160048E7A2 /* Sources */ = {
			isa = PBXSourcesBuildPhase;
			buildActionMask = 2147483647;
			files = (
				0AC30D6A1FE07D0B0031DF09 /* ImageFetchable.swift in Sources */,
				0AC30D571FE030580031DF09 /* Breed.swift in Sources */,
				0AC30D641FE076D90031DF09 /* BreedImagesControllerView.swift in Sources */,
				0AC30D611FE076820031DF09 /* BreedImagesViewCodeViewController.swift in Sources */,
				0AC30D661FE076E30031DF09 /* CodeView.swift in Sources */,
				0AC30D5B1FE03C570031DF09 /* BreedImagesStoryboardViewController.swift in Sources */,
				0AC30D751FE093F90031DF09 /* FavoriteDogTableViewCell.swift in Sources */,
				0AC30D6D1FE093300031DF09 /* FavoritesDatasource.swift in Sources */,
				0AC30D591FE030800031DF09 /* Dog.swift in Sources */,
				0AAD7DA01FE02B160048E7A2 /* FavoriteDogsViewController.swift in Sources */,
				0AC30D541FE030160031DF09 /* Result.swift in Sources */,
				0AAD7D9C1FE02B160048E7A2 /* AppDelegate.swift in Sources */,
				0AC30D5F1FE074C00031DF09 /* DogPersistenceService.swift in Sources */,
				0AC30D521FE02FED0031DF09 /* DogsService.swift in Sources */,
				0AC30D681FE077FA0031DF09 /* FeatchableImageView.swift in Sources */,
				0AAD7D9E1FE02B160048E7A2 /* BreedsViewController.swift in Sources */,
			);
			runOnlyForDeploymentPostprocessing = 0;
		};
		0AAD7DAA1FE02B160048E7A2 /* Sources */ = {
			isa = PBXSourcesBuildPhase;
			buildActionMask = 2147483647;
			files = (
				A1F5687220606281007AF05A /* FavoritesDatasourceStub.swift in Sources */,
				A1F5687020603FAC007AF05A /* FavoritesDatasourceTest.swift in Sources */,
				A1F5687420617976007AF05A /* FavoritesDatasourceSpec.swift in Sources */,
			);
			runOnlyForDeploymentPostprocessing = 0;
		};
/* End PBXSourcesBuildPhase section */

/* Begin PBXTargetDependency section */
		0AAD7DB01FE02B160048E7A2 /* PBXTargetDependency */ = {
			isa = PBXTargetDependency;
			target = 0AAD7D971FE02B160048E7A2 /* DogsApp */;
			targetProxy = 0AAD7DAF1FE02B160048E7A2 /* PBXContainerItemProxy */;
		};
/* End PBXTargetDependency section */

/* Begin PBXVariantGroup section */
		0AAD7DA11FE02B160048E7A2 /* Main.storyboard */ = {
			isa = PBXVariantGroup;
			children = (
				0AAD7DA21FE02B160048E7A2 /* Base */,
			);
			name = Main.storyboard;
			sourceTree = "<group>";
		};
		0AAD7DA61FE02B160048E7A2 /* LaunchScreen.storyboard */ = {
			isa = PBXVariantGroup;
			children = (
				0AAD7DA71FE02B160048E7A2 /* Base */,
			);
			name = LaunchScreen.storyboard;
			sourceTree = "<group>";
		};
/* End PBXVariantGroup section */

/* Begin XCBuildConfiguration section */
		0AAD7DB51FE02B160048E7A2 /* Debug */ = {
			isa = XCBuildConfiguration;
			buildSettings = {
				ALWAYS_SEARCH_USER_PATHS = NO;
				CLANG_ANALYZER_NONNULL = YES;
				CLANG_ANALYZER_NUMBER_OBJECT_CONVERSION = YES_AGGRESSIVE;
				CLANG_CXX_LANGUAGE_STANDARD = "gnu++14";
				CLANG_CXX_LIBRARY = "libc++";
				CLANG_ENABLE_MODULES = YES;
				CLANG_ENABLE_OBJC_ARC = YES;
				CLANG_WARN_BLOCK_CAPTURE_AUTORELEASING = YES;
				CLANG_WARN_BOOL_CONVERSION = YES;
				CLANG_WARN_COMMA = YES;
				CLANG_WARN_CONSTANT_CONVERSION = YES;
				CLANG_WARN_DIRECT_OBJC_ISA_USAGE = YES_ERROR;
				CLANG_WARN_DOCUMENTATION_COMMENTS = YES;
				CLANG_WARN_EMPTY_BODY = YES;
				CLANG_WARN_ENUM_CONVERSION = YES;
				CLANG_WARN_INFINITE_RECURSION = YES;
				CLANG_WARN_INT_CONVERSION = YES;
				CLANG_WARN_NON_LITERAL_NULL_CONVERSION = YES;
				CLANG_WARN_OBJC_LITERAL_CONVERSION = YES;
				CLANG_WARN_OBJC_ROOT_CLASS = YES_ERROR;
				CLANG_WARN_RANGE_LOOP_ANALYSIS = YES;
				CLANG_WARN_STRICT_PROTOTYPES = YES;
				CLANG_WARN_SUSPICIOUS_MOVE = YES;
				CLANG_WARN_UNGUARDED_AVAILABILITY = YES_AGGRESSIVE;
				CLANG_WARN_UNREACHABLE_CODE = YES;
				CLANG_WARN__DUPLICATE_METHOD_MATCH = YES;
				CODE_SIGN_IDENTITY = "iPhone Developer";
				COPY_PHASE_STRIP = NO;
				DEBUG_INFORMATION_FORMAT = dwarf;
				ENABLE_STRICT_OBJC_MSGSEND = YES;
				ENABLE_TESTABILITY = YES;
				GCC_C_LANGUAGE_STANDARD = gnu11;
				GCC_DYNAMIC_NO_PIC = NO;
				GCC_NO_COMMON_BLOCKS = YES;
				GCC_OPTIMIZATION_LEVEL = 0;
				GCC_PREPROCESSOR_DEFINITIONS = (
					"DEBUG=1",
					"$(inherited)",
				);
				GCC_WARN_64_TO_32_BIT_CONVERSION = YES;
				GCC_WARN_ABOUT_RETURN_TYPE = YES_ERROR;
				GCC_WARN_UNDECLARED_SELECTOR = YES;
				GCC_WARN_UNINITIALIZED_AUTOS = YES_AGGRESSIVE;
				GCC_WARN_UNUSED_FUNCTION = YES;
				GCC_WARN_UNUSED_VARIABLE = YES;
				IPHONEOS_DEPLOYMENT_TARGET = 11.2;
				MTL_ENABLE_DEBUG_INFO = YES;
				ONLY_ACTIVE_ARCH = YES;
				SDKROOT = iphoneos;
				SWIFT_ACTIVE_COMPILATION_CONDITIONS = DEBUG;
				SWIFT_OPTIMIZATION_LEVEL = "-Onone";
			};
			name = Debug;
		};
		0AAD7DB61FE02B160048E7A2 /* Release */ = {
			isa = XCBuildConfiguration;
			buildSettings = {
				ALWAYS_SEARCH_USER_PATHS = NO;
				CLANG_ANALYZER_NONNULL = YES;
				CLANG_ANALYZER_NUMBER_OBJECT_CONVERSION = YES_AGGRESSIVE;
				CLANG_CXX_LANGUAGE_STANDARD = "gnu++14";
				CLANG_CXX_LIBRARY = "libc++";
				CLANG_ENABLE_MODULES = YES;
				CLANG_ENABLE_OBJC_ARC = YES;
				CLANG_WARN_BLOCK_CAPTURE_AUTORELEASING = YES;
				CLANG_WARN_BOOL_CONVERSION = YES;
				CLANG_WARN_COMMA = YES;
				CLANG_WARN_CONSTANT_CONVERSION = YES;
				CLANG_WARN_DIRECT_OBJC_ISA_USAGE = YES_ERROR;
				CLANG_WARN_DOCUMENTATION_COMMENTS = YES;
				CLANG_WARN_EMPTY_BODY = YES;
				CLANG_WARN_ENUM_CONVERSION = YES;
				CLANG_WARN_INFINITE_RECURSION = YES;
				CLANG_WARN_INT_CONVERSION = YES;
				CLANG_WARN_NON_LITERAL_NULL_CONVERSION = YES;
				CLANG_WARN_OBJC_LITERAL_CONVERSION = YES;
				CLANG_WARN_OBJC_ROOT_CLASS = YES_ERROR;
				CLANG_WARN_RANGE_LOOP_ANALYSIS = YES;
				CLANG_WARN_STRICT_PROTOTYPES = YES;
				CLANG_WARN_SUSPICIOUS_MOVE = YES;
				CLANG_WARN_UNGUARDED_AVAILABILITY = YES_AGGRESSIVE;
				CLANG_WARN_UNREACHABLE_CODE = YES;
				CLANG_WARN__DUPLICATE_METHOD_MATCH = YES;
				CODE_SIGN_IDENTITY = "iPhone Developer";
				COPY_PHASE_STRIP = NO;
				DEBUG_INFORMATION_FORMAT = "dwarf-with-dsym";
				ENABLE_NS_ASSERTIONS = NO;
				ENABLE_STRICT_OBJC_MSGSEND = YES;
				GCC_C_LANGUAGE_STANDARD = gnu11;
				GCC_NO_COMMON_BLOCKS = YES;
				GCC_WARN_64_TO_32_BIT_CONVERSION = YES;
				GCC_WARN_ABOUT_RETURN_TYPE = YES_ERROR;
				GCC_WARN_UNDECLARED_SELECTOR = YES;
				GCC_WARN_UNINITIALIZED_AUTOS = YES_AGGRESSIVE;
				GCC_WARN_UNUSED_FUNCTION = YES;
				GCC_WARN_UNUSED_VARIABLE = YES;
				IPHONEOS_DEPLOYMENT_TARGET = 11.2;
				MTL_ENABLE_DEBUG_INFO = NO;
				SDKROOT = iphoneos;
				SWIFT_OPTIMIZATION_LEVEL = "-Owholemodule";
				VALIDATE_PRODUCT = YES;
			};
			name = Release;
		};
		0AAD7DB81FE02B160048E7A2 /* Debug */ = {
			isa = XCBuildConfiguration;
			baseConfigurationReference = CC65121F08BB35684B8B19EF /* Pods-DogsApp.debug.xcconfig */;
			buildSettings = {
				ASSETCATALOG_COMPILER_APPICON_NAME = AppIcon;
				CODE_SIGN_STYLE = Automatic;
				DEVELOPMENT_TEAM = J5P786SDN2;
				INFOPLIST_FILE = DogsApp/Info.plist;
				LD_RUNPATH_SEARCH_PATHS = "$(inherited) @executable_path/Frameworks";
				PRODUCT_BUNDLE_IDENTIFIER = com.tplioy.DogsApp;
				PRODUCT_NAME = "$(TARGET_NAME)";
				SWIFT_VERSION = 4.0;
				TARGETED_DEVICE_FAMILY = "1,2";
			};
			name = Debug;
		};
		0AAD7DB91FE02B160048E7A2 /* Release */ = {
			isa = XCBuildConfiguration;
			baseConfigurationReference = 3829474F86CFE6B6D76F7DD9 /* Pods-DogsApp.release.xcconfig */;
			buildSettings = {
				ASSETCATALOG_COMPILER_APPICON_NAME = AppIcon;
				CODE_SIGN_STYLE = Automatic;
				DEVELOPMENT_TEAM = J5P786SDN2;
				INFOPLIST_FILE = DogsApp/Info.plist;
				LD_RUNPATH_SEARCH_PATHS = "$(inherited) @executable_path/Frameworks";
				PRODUCT_BUNDLE_IDENTIFIER = com.tplioy.DogsApp;
				PRODUCT_NAME = "$(TARGET_NAME)";
				SWIFT_VERSION = 4.0;
				TARGETED_DEVICE_FAMILY = "1,2";
			};
			name = Release;
		};
		0AAD7DBB1FE02B160048E7A2 /* Debug */ = {
			isa = XCBuildConfiguration;
			baseConfigurationReference = CB842438FADA5B13A2E7FACD /* Pods-DogsAppTests.debug.xcconfig */;
			buildSettings = {
				ALWAYS_EMBED_SWIFT_STANDARD_LIBRARIES = YES;
				BUNDLE_LOADER = "$(TEST_HOST)";
				CLANG_ENABLE_MODULES = YES;
				CODE_SIGN_STYLE = Automatic;
				DEVELOPMENT_TEAM = J5P786SDN2;
				INFOPLIST_FILE = DogsAppTests/Info.plist;
				LD_RUNPATH_SEARCH_PATHS = "$(inherited) @executable_path/Frameworks @loader_path/Frameworks";
				PRODUCT_BUNDLE_IDENTIFIER = com.tplioy.DogsAppTests;
				PRODUCT_NAME = "$(TARGET_NAME)";
				SWIFT_OPTIMIZATION_LEVEL = "-Onone";
				SWIFT_VERSION = 4.0;
				TARGETED_DEVICE_FAMILY = "1,2";
				TEST_HOST = "$(BUILT_PRODUCTS_DIR)/DogsApp.app/DogsApp";
			};
			name = Debug;
		};
		0AAD7DBC1FE02B160048E7A2 /* Release */ = {
			isa = XCBuildConfiguration;
			baseConfigurationReference = 882A2996A6FA0D24E4C152AF /* Pods-DogsAppTests.release.xcconfig */;
			buildSettings = {
				ALWAYS_EMBED_SWIFT_STANDARD_LIBRARIES = YES;
				BUNDLE_LOADER = "$(TEST_HOST)";
				CLANG_ENABLE_MODULES = YES;
				CODE_SIGN_STYLE = Automatic;
				DEVELOPMENT_TEAM = J5P786SDN2;
				INFOPLIST_FILE = DogsAppTests/Info.plist;
				LD_RUNPATH_SEARCH_PATHS = "$(inherited) @executable_path/Frameworks @loader_path/Frameworks";
				PRODUCT_BUNDLE_IDENTIFIER = com.tplioy.DogsAppTests;
				PRODUCT_NAME = "$(TARGET_NAME)";
				SWIFT_VERSION = 4.0;
				TARGETED_DEVICE_FAMILY = "1,2";
				TEST_HOST = "$(BUILT_PRODUCTS_DIR)/DogsApp.app/DogsApp";
			};
			name = Release;
		};
/* End XCBuildConfiguration section */

/* Begin XCConfigurationList section */
		0AAD7D931FE02B160048E7A2 /* Build configuration list for PBXProject "DogsApp" */ = {
			isa = XCConfigurationList;
			buildConfigurations = (
				0AAD7DB51FE02B160048E7A2 /* Debug */,
				0AAD7DB61FE02B160048E7A2 /* Release */,
			);
			defaultConfigurationIsVisible = 0;
			defaultConfigurationName = Release;
		};
		0AAD7DB71FE02B160048E7A2 /* Build configuration list for PBXNativeTarget "DogsApp" */ = {
			isa = XCConfigurationList;
			buildConfigurations = (
				0AAD7DB81FE02B160048E7A2 /* Debug */,
				0AAD7DB91FE02B160048E7A2 /* Release */,
			);
			defaultConfigurationIsVisible = 0;
			defaultConfigurationName = Release;
		};
		0AAD7DBA1FE02B160048E7A2 /* Build configuration list for PBXNativeTarget "DogsAppTests" */ = {
			isa = XCConfigurationList;
			buildConfigurations = (
				0AAD7DBB1FE02B160048E7A2 /* Debug */,
				0AAD7DBC1FE02B160048E7A2 /* Release */,
			);
			defaultConfigurationIsVisible = 0;
			defaultConfigurationName = Release;
		};
/* End XCConfigurationList section */
	};
	rootObject = 0AAD7D901FE02B160048E7A2 /* Project object */;
}
